
Microsoft Visual Studio Solution File, Format Version 12.00
# Visual Studio 15
VisualStudioVersion = 15.0.27130.2027
MinimumVisualStudioVersion = 10.0.40219.1
Project("{FAE04EC0-301F-11D3-BF4B-00C04F79EFBC}") = "Eventre", "Eventre\Eventre.csproj", "{A9E9856D-9939-42AD-AF19-1A52A7DF1802}"
EndProject
Global
	GlobalSection(SolutionConfigurationPlatforms) = preSolution
		Debug|Any CPU = Debug|Any CPU
		Release|Any CPU = Release|Any CPU
	EndGlobalSection
	GlobalSection(ProjectConfigurationPlatforms) = postSolution
		{A9E9856D-9939-42AD-AF19-1A52A7DF1802}.Debug|Any CPU.ActiveCfg = Debug|Any CPU
		{A9E9856D-9939-42AD-AF19-1A52A7DF1802}.Debug|Any CPU.Build.0 = Debug|Any CPU
		{A9E9856D-9939-42AD-AF19-1A52A7DF1802}.Release|Any CPU.ActiveCfg = Release|Any CPU
		{A9E9856D-9939-42AD-AF19-1A52A7DF1802}.Release|Any CPU.Build.0 = Release|Any CPU
	EndGlobalSection
	GlobalSection(SolutionProperties) = preSolution
		HideSolutionNode = FALSE
	EndGlobalSection
	GlobalSection(ExtensibilityGlobals) = postSolution
		SolutionGuid = {1BCAB55A-2507-43FE-8053-7E7718AAB2E9}
	EndGlobalSection
EndGlobal
